
Microsoft Visual Studio Solution File, Format Version 12.00
# Visual Studio 14
VisualStudioVersion = 14.0.23107.0
MinimumVisualStudioVersion = 10.0.40219.1
Project("{FAE04EC0-301F-11D3-BF4B-00C04F79EFBC}") = "DemoWebApplication", "DemoWebApplication\DemoWebApplication.csproj", "{85A2BA4C-2C16-4F5C-9E51-4062BFCBC0E5}"
EndProject
Project("{2150E333-8FDC-42A3-9474-1A3956D46DE8}") = "Build", "Build", "{0D10B8BE-A1A2-44D7-B982-85D2EA28CAAF}"
	ProjectSection(SolutionItems) = preProject
		build\AssemblyVersioning.ps1 = build\AssemblyVersioning.ps1
		build\ConfigureAzureWebsite.ps1 = build\ConfigureAzureWebsite.ps1
	EndProjectSection
EndProject
Project("{FAE04EC0-301F-11D3-BF4B-00C04F79EFBC}") = "DemoWebApplication.Tests.Unit", "DemoWebApplication.Tests.Unit\DemoWebApplication.Tests.Unit.csproj", "{F7FB9145-D18B-48B2-B439-4E1480116F2E}"
EndProject
Global
	GlobalSection(SolutionConfigurationPlatforms) = preSolution
		Debug|Any CPU = Debug|Any CPU
		Release|Any CPU = Release|Any CPU
	EndGlobalSection
	GlobalSection(ProjectConfigurationPlatforms) = postSolution
		{85A2BA4C-2C16-4F5C-9E51-4062BFCBC0E5}.Debug|Any CPU.ActiveCfg = Debug|Any CPU
		{85A2BA4C-2C16-4F5C-9E51-4062BFCBC0E5}.Debug|Any CPU.Build.0 = Debug|Any CPU
		{85A2BA4C-2C16-4F5C-9E51-4062BFCBC0E5}.Release|Any CPU.ActiveCfg = Release|Any CPU
		{85A2BA4C-2C16-4F5C-9E51-4062BFCBC0E5}.Release|Any CPU.Build.0 = Release|Any CPU
		{F7FB9145-D18B-48B2-B439-4E1480116F2E}.Debug|Any CPU.ActiveCfg = Debug|Any CPU
		{F7FB9145-D18B-48B2-B439-4E1480116F2E}.Debug|Any CPU.Build.0 = Debug|Any CPU
		{F7FB9145-D18B-48B2-B439-4E1480116F2E}.Release|Any CPU.ActiveCfg = Release|Any CPU
		{F7FB9145-D18B-48B2-B439-4E1480116F2E}.Release|Any CPU.Build.0 = Release|Any CPU
	EndGlobalSection
	GlobalSection(SolutionProperties) = preSolution
		HideSolutionNode = FALSE
	EndGlobalSection
EndGlobal
